
Microsoft Visual Studio Solution File, Format Version 11.00
# Visual Studio 2010
Project("{FAE04EC0-301F-11D3-BF4B-00C04F79EFBC}") = "Assembly-CSharp", "Assembly-CSharp.csproj", "{78DEA241-BF2E-4E1F-9723-CA68E17C2477}"
EndProject
Project("{FAE04EC0-301F-11D3-BF4B-00C04F79EFBC}") = "VuforiaScripts", "VuforiaScripts.csproj", "{2F412293-F1D0-536A-9EE7-7012740FDFEE}"
EndProject
Project("{FAE04EC0-301F-11D3-BF4B-00C04F79EFBC}") = "VuforiaEditorScripts", "VuforiaEditorScripts.csproj", "{8B651D00-C2EC-F452-550F-3056194EFE53}"
EndProject
Global
	GlobalSection(SolutionConfigurationPlatforms) = preSolution
		Debug|Any CPU = Debug|Any CPU
		Release|Any CPU = Release|Any CPU
	EndGlobalSection
	GlobalSection(ProjectConfigurationPlatforms) = postSolution
		{78DEA241-BF2E-4E1F-9723-CA68E17C2477}.Debug|Any CPU.ActiveCfg = Debug|Any CPU
		{78DEA241-BF2E-4E1F-9723-CA68E17C2477}.Debug|Any CPU.Build.0 = Debug|Any CPU
		{78DEA241-BF2E-4E1F-9723-CA68E17C2477}.Release|Any CPU.ActiveCfg = Release|Any CPU
		{78DEA241-BF2E-4E1F-9723-CA68E17C2477}.Release|Any CPU.Build.0 = Release|Any CPU
		{2F412293-F1D0-536A-9EE7-7012740FDFEE}.Debug|Any CPU.ActiveCfg = Debug|Any CPU
		{2F412293-F1D0-536A-9EE7-7012740FDFEE}.Debug|Any CPU.Build.0 = Debug|Any CPU
		{2F412293-F1D0-536A-9EE7-7012740FDFEE}.Release|Any CPU.ActiveCfg = Release|Any CPU
		{2F412293-F1D0-536A-9EE7-7012740FDFEE}.Release|Any CPU.Build.0 = Release|Any CPU
		{8B651D00-C2EC-F452-550F-3056194EFE53}.Debug|Any CPU.ActiveCfg = Debug|Any CPU
		{8B651D00-C2EC-F452-550F-3056194EFE53}.Debug|Any CPU.Build.0 = Debug|Any CPU
		{8B651D00-C2EC-F452-550F-3056194EFE53}.Release|Any CPU.ActiveCfg = Release|Any CPU
		{8B651D00-C2EC-F452-550F-3056194EFE53}.Release|Any CPU.Build.0 = Release|Any CPU
	EndGlobalSection
	GlobalSection(SolutionProperties) = preSolution
		HideSolutionNode = FALSE
	EndGlobalSection
	GlobalSection(MonoDevelopProperties) = preSolution
		StartupItem = Assembly-CSharp.csproj
	EndGlobalSection
EndGlobal
